
Microsoft Visual Studio Solution File, Format Version 12.00
# Visual Studio 2013
VisualStudioVersion = 12.0.21005.1
MinimumVisualStudioVersion = 10.0.40219.1
Project("{FAE04EC0-301F-11D3-BF4B-00C04F79EFBC}") = "protobuf-net-test", "protobuf-net-test\protobuf-net-test.csproj", "{85FE861E-7383-4CD7-B954-F8105600219B}"
EndProject
Project("{FAE04EC0-301F-11D3-BF4B-00C04F79EFBC}") = "protobuf-net.unittest", "protobuf-net.unittest\protobuf-net.unittest.csproj", "{7ABED973-7C99-4884-A2AE-96AF4658100C}"
EndProject
Project("{FAE04EC0-301F-11D3-BF4B-00C04F79EFBC}") = "SampleDto", "SampleDto\SampleDto.csproj", "{8D53345D-C5D6-4510-8FDB-B6D8A63D65AE}"
EndProject
Project("{FAE04EC0-301F-11D3-BF4B-00C04F79EFBC}") = "protobuf-net", "protobuf-net\protobuf-net.csproj", "{8374E4D7-2A91-48F1-9360-09B09CF27C3F}"
EndProject
Project("{2150E333-8FDC-42A3-9474-1A3956D46DE8}") = "Solution Items", "Solution Items", "{D1AA879C-84C7-4935-8C35-C3162DD00CE6}"
	ProjectSection(SolutionItems) = preProject
		.gitignore = .gitignore
		Licence.txt = Licence.txt
		ProtoBuf.snk = ProtoBuf.snk
	EndProjectSection
EndProject
Global
	GlobalSection(SolutionConfigurationPlatforms) = preSolution
		CoreOnly|Any CPU = CoreOnly|Any CPU
		Debug|Any CPU = Debug|Any CPU
		iOS|Any CPU = iOS|Any CPU
		Net20|Any CPU = Net20|Any CPU
		Profile|Any CPU = Profile|Any CPU
		Release|Any CPU = Release|Any CPU
		Silverlight2|Any CPU = Silverlight2|Any CPU
		Unity|Any CPU = Unity|Any CPU
	EndGlobalSection
	GlobalSection(ProjectConfigurationPlatforms) = postSolution
		{85FE861E-7383-4CD7-B954-F8105600219B}.CoreOnly|Any CPU.ActiveCfg = Release|Any CPU
		{85FE861E-7383-4CD7-B954-F8105600219B}.CoreOnly|Any CPU.Build.0 = Release|Any CPU
		{85FE861E-7383-4CD7-B954-F8105600219B}.Debug|Any CPU.ActiveCfg = Debug|Any CPU
		{85FE861E-7383-4CD7-B954-F8105600219B}.Debug|Any CPU.Build.0 = Debug|Any CPU
		{85FE861E-7383-4CD7-B954-F8105600219B}.iOS|Any CPU.ActiveCfg = Release|Any CPU
		{85FE861E-7383-4CD7-B954-F8105600219B}.iOS|Any CPU.Build.0 = Release|Any CPU
		{85FE861E-7383-4CD7-B954-F8105600219B}.Net20|Any CPU.ActiveCfg = Release|Any CPU
		{85FE861E-7383-4CD7-B954-F8105600219B}.Net20|Any CPU.Build.0 = Release|Any CPU
		{85FE861E-7383-4CD7-B954-F8105600219B}.Profile|Any CPU.ActiveCfg = Release|Any CPU
		{85FE861E-7383-4CD7-B954-F8105600219B}.Profile|Any CPU.Build.0 = Release|Any CPU
		{85FE861E-7383-4CD7-B954-F8105600219B}.Release|Any CPU.ActiveCfg = Release|Any CPU
		{85FE861E-7383-4CD7-B954-F8105600219B}.Release|Any CPU.Build.0 = Release|Any CPU
		{85FE861E-7383-4CD7-B954-F8105600219B}.Silverlight2|Any CPU.ActiveCfg = Release|Any CPU
		{85FE861E-7383-4CD7-B954-F8105600219B}.Silverlight2|Any CPU.Build.0 = Release|Any CPU
		{85FE861E-7383-4CD7-B954-F8105600219B}.Unity|Any CPU.ActiveCfg = Release|Any CPU
		{85FE861E-7383-4CD7-B954-F8105600219B}.Unity|Any CPU.Build.0 = Release|Any CPU
		{7ABED973-7C99-4884-A2AE-96AF4658100C}.CoreOnly|Any CPU.ActiveCfg = CoreOnly|Any CPU
		{7ABED973-7C99-4884-A2AE-96AF4658100C}.CoreOnly|Any CPU.Build.0 = CoreOnly|Any CPU
		{7ABED973-7C99-4884-A2AE-96AF4658100C}.Debug|Any CPU.ActiveCfg = Debug|Any CPU
		{7ABED973-7C99-4884-A2AE-96AF4658100C}.Debug|Any CPU.Build.0 = Debug|Any CPU
		{7ABED973-7C99-4884-A2AE-96AF4658100C}.iOS|Any CPU.ActiveCfg = iOS|Any CPU
		{7ABED973-7C99-4884-A2AE-96AF4658100C}.iOS|Any CPU.Build.0 = iOS|Any CPU
		{7ABED973-7C99-4884-A2AE-96AF4658100C}.Net20|Any CPU.ActiveCfg = CoreOnly|Any CPU
		{7ABED973-7C99-4884-A2AE-96AF4658100C}.Net20|Any CPU.Build.0 = CoreOnly|Any CPU
		{7ABED973-7C99-4884-A2AE-96AF4658100C}.Profile|Any CPU.ActiveCfg = CoreOnly|Any CPU
		{7ABED973-7C99-4884-A2AE-96AF4658100C}.Profile|Any CPU.Build.0 = CoreOnly|Any CPU
		{7ABED973-7C99-4884-A2AE-96AF4658100C}.Release|Any CPU.ActiveCfg = Release|Any CPU
		{7ABED973-7C99-4884-A2AE-96AF4658100C}.Release|Any CPU.Build.0 = Release|Any CPU
		{7ABED973-7C99-4884-A2AE-96AF4658100C}.Silverlight2|Any CPU.ActiveCfg = CoreOnly|Any CPU
		{7ABED973-7C99-4884-A2AE-96AF4658100C}.Silverlight2|Any CPU.Build.0 = CoreOnly|Any CPU
		{7ABED973-7C99-4884-A2AE-96AF4658100C}.Unity|Any CPU.ActiveCfg = Unity|Any CPU
		{7ABED973-7C99-4884-A2AE-96AF4658100C}.Unity|Any CPU.Build.0 = Unity|Any CPU
		{8D53345D-C5D6-4510-8FDB-B6D8A63D65AE}.CoreOnly|Any CPU.ActiveCfg = CoreOnly|Any CPU
		{8D53345D-C5D6-4510-8FDB-B6D8A63D65AE}.CoreOnly|Any CPU.Build.0 = CoreOnly|Any CPU
		{8D53345D-C5D6-4510-8FDB-B6D8A63D65AE}.Debug|Any CPU.ActiveCfg = Debug|Any CPU
		{8D53345D-C5D6-4510-8FDB-B6D8A63D65AE}.Debug|Any CPU.Build.0 = Debug|Any CPU
		{8D53345D-C5D6-4510-8FDB-B6D8A63D65AE}.iOS|Any CPU.ActiveCfg = iOS|Any CPU
		{8D53345D-C5D6-4510-8FDB-B6D8A63D65AE}.iOS|Any CPU.Build.0 = iOS|Any CPU
		{8D53345D-C5D6-4510-8FDB-B6D8A63D65AE}.Net20|Any CPU.ActiveCfg = CoreOnly|Any CPU
		{8D53345D-C5D6-4510-8FDB-B6D8A63D65AE}.Net20|Any CPU.Build.0 = CoreOnly|Any CPU
		{8D53345D-C5D6-4510-8FDB-B6D8A63D65AE}.Profile|Any CPU.ActiveCfg = CoreOnly|Any CPU
		{8D53345D-C5D6-4510-8FDB-B6D8A63D65AE}.Profile|Any CPU.Build.0 = CoreOnly|Any CPU
		{8D53345D-C5D6-4510-8FDB-B6D8A63D65AE}.Release|Any CPU.ActiveCfg = Release|Any CPU
		{8D53345D-C5D6-4510-8FDB-B6D8A63D65AE}.Release|Any CPU.Build.0 = Release|Any CPU
		{8D53345D-C5D6-4510-8FDB-B6D8A63D65AE}.Silverlight2|Any CPU.ActiveCfg = CoreOnly|Any CPU
		{8D53345D-C5D6-4510-8FDB-B6D8A63D65AE}.Silverlight2|Any CPU.Build.0 = CoreOnly|Any CPU
		{8D53345D-C5D6-4510-8FDB-B6D8A63D65AE}.Unity|Any CPU.ActiveCfg = Unity|Any CPU
		{8D53345D-C5D6-4510-8FDB-B6D8A63D65AE}.Unity|Any CPU.Build.0 = Unity|Any CPU
		{8374E4D7-2A91-48F1-9360-09B09CF27C3F}.CoreOnly|Any CPU.ActiveCfg = CoreOnly|Any CPU
		{8374E4D7-2A91-48F1-9360-09B09CF27C3F}.CoreOnly|Any CPU.Build.0 = CoreOnly|Any CPU
		{8374E4D7-2A91-48F1-9360-09B09CF27C3F}.Debug|Any CPU.ActiveCfg = Debug|Any CPU
		{8374E4D7-2A91-48F1-9360-09B09CF27C3F}.Debug|Any CPU.Build.0 = Debug|Any CPU
		{8374E4D7-2A91-48F1-9360-09B09CF27C3F}.iOS|Any CPU.ActiveCfg = iOS|Any CPU
		{8374E4D7-2A91-48F1-9360-09B09CF27C3F}.iOS|Any CPU.Build.0 = iOS|Any CPU
		{8374E4D7-2A91-48F1-9360-09B09CF27C3F}.Net20|Any CPU.ActiveCfg = Net20|Any CPU
		{8374E4D7-2A91-48F1-9360-09B09CF27C3F}.Net20|Any CPU.Build.0 = Net20|Any CPU
		{8374E4D7-2A91-48F1-9360-09B09CF27C3F}.Profile|Any CPU.ActiveCfg = Profile|Any CPU
		{8374E4D7-2A91-48F1-9360-09B09CF27C3F}.Profile|Any CPU.Build.0 = Profile|Any CPU
		{8374E4D7-2A91-48F1-9360-09B09CF27C3F}.Release|Any CPU.ActiveCfg = Release|Any CPU
		{8374E4D7-2A91-48F1-9360-09B09CF27C3F}.Release|Any CPU.Build.0 = Release|Any CPU
		{8374E4D7-2A91-48F1-9360-09B09CF27C3F}.Silverlight2|Any CPU.ActiveCfg = Silverlight2|Any CPU
		{8374E4D7-2A91-48F1-9360-09B09CF27C3F}.Silverlight2|Any CPU.Build.0 = Silverlight2|Any CPU
		{8374E4D7-2A91-48F1-9360-09B09CF27C3F}.Unity|Any CPU.ActiveCfg = Unity|Any CPU
		{8374E4D7-2A91-48F1-9360-09B09CF27C3F}.Unity|Any CPU.Build.0 = Unity|Any CPU
	EndGlobalSection
	GlobalSection(SolutionProperties) = preSolution
		HideSolutionNode = FALSE
	EndGlobalSection
EndGlobal
